// !$*UTF8*$!
{
	archiveVersion = 1;
	classes = {
	};
	objectVersion = 52;
	objects = {

/* Begin PBXBuildFile section */
		654D05B523E431DF0072904F /* AppDelegate.swift in Sources */ = {isa = PBXBuildFile; fileRef = 654D05B423E431DF0072904F /* AppDelegate.swift */; };
		654D05B723E431DF0072904F /* SceneDelegate.swift in Sources */ = {isa = PBXBuildFile; fileRef = 654D05B623E431DF0072904F /* SceneDelegate.swift */; };
		654D05B923E431DF0072904F /* ContentView.swift in Sources */ = {isa = PBXBuildFile; fileRef = 654D05B823E431DF0072904F /* ContentView.swift */; };
		654D05BB23E431E00072904F /* Assets.xcassets in Resources */ = {isa = PBXBuildFile; fileRef = 654D05BA23E431E00072904F /* Assets.xcassets */; };
		654D05BE23E431E00072904F /* Preview Assets.xcassets in Resources */ = {isa = PBXBuildFile; fileRef = 654D05BD23E431E00072904F /* Preview Assets.xcassets */; };
		654D05C123E431E00072904F /* LaunchScreen.storyboard in Resources */ = {isa = PBXBuildFile; fileRef = 654D05BF23E431E00072904F /* LaunchScreen.storyboard */; };
		654D060A23E4D20E0072904F /* Robot.swift in Sources */ = {isa = PBXBuildFile; fileRef = 654D060923E4D20E0072904F /* Robot.swift */; };
		655E112423EBFFCE00E5E0E8 /* RobotTests.swift in Sources */ = {isa = PBXBuildFile; fileRef = 655E112323EBFFCE00E5E0E8 /* RobotTests.swift */; };
		655E112C23EBFFD600E5E0E8 /* Nimble in Frameworks */ = {isa = PBXBuildFile; productRef = 655E112B23EBFFD600E5E0E8 /* Nimble */; };
		655E112E23EC005E00E5E0E8 /* BaseTest.swift in Sources */ = {isa = PBXBuildFile; fileRef = 655E112D23EC005D00E5E0E8 /* BaseTest.swift */; };
		655E113A23EC32FC00E5E0E8 /* SwiftMocks in Frameworks */ = {isa = PBXBuildFile; productRef = 655E113923EC32FC00E5E0E8 /* SwiftMocks */; };
/* End PBXBuildFile section */

/* Begin PBXContainerItemProxy section */
		655E112623EBFFCE00E5E0E8 /* PBXContainerItemProxy */ = {
			isa = PBXContainerItemProxy;
			containerPortal = 654D05A923E431DF0072904F /* Project object */;
			proxyType = 1;
			remoteGlobalIDString = 654D05B023E431DF0072904F;
			remoteInfo = Robot;
		};
/* End PBXContainerItemProxy section */

/* Begin PBXFileReference section */
		654D05B123E431DF0072904F /* Robot.app */ = {isa = PBXFileReference; explicitFileType = wrapper.application; includeInIndex = 0; path = Robot.app; sourceTree = BUILT_PRODUCTS_DIR; };
		654D05B423E431DF0072904F /* AppDelegate.swift */ = {isa = PBXFileReference; lastKnownFileType = sourcecode.swift; path = AppDelegate.swift; sourceTree = "<group>"; };
		654D05B623E431DF0072904F /* SceneDelegate.swift */ = {isa = PBXFileReference; lastKnownFileType = sourcecode.swift; path = SceneDelegate.swift; sourceTree = "<group>"; };
		654D05B823E431DF0072904F /* ContentView.swift */ = {isa = PBXFileReference; lastKnownFileType = sourcecode.swift; path = ContentView.swift; sourceTree = "<group>"; };
		654D05BA23E431E00072904F /* Assets.xcassets */ = {isa = PBXFileReference; lastKnownFileType = folder.assetcatalog; path = Assets.xcassets; sourceTree = "<group>"; };
		654D05BD23E431E00072904F /* Preview Assets.xcassets */ = {isa = PBXFileReference; lastKnownFileType = folder.assetcatalog; path = "Preview Assets.xcassets"; sourceTree = "<group>"; };
		654D05C023E431E00072904F /* Base */ = {isa = PBXFileReference; lastKnownFileType = file.storyboard; name = Base; path = Base.lproj/LaunchScreen.storyboard; sourceTree = "<group>"; };
		654D05C223E431E00072904F /* Info.plist */ = {isa = PBXFileReference; lastKnownFileType = text.plist.xml; path = Info.plist; sourceTree = "<group>"; };
		654D060623E4D0050072904F /* SwiftMocks */ = {isa = PBXFileReference; lastKnownFileType = folder; name = SwiftMocks; path = ../SwiftMocks; sourceTree = "<group>"; };
		654D060923E4D20E0072904F /* Robot.swift */ = {isa = PBXFileReference; lastKnownFileType = sourcecode.swift; path = Robot.swift; sourceTree = "<group>"; };
		655E112123EBFFCE00E5E0E8 /* RobotTests.xctest */ = {isa = PBXFileReference; explicitFileType = wrapper.cfbundle; includeInIndex = 0; path = RobotTests.xctest; sourceTree = BUILT_PRODUCTS_DIR; };
		655E112323EBFFCE00E5E0E8 /* RobotTests.swift */ = {isa = PBXFileReference; lastKnownFileType = sourcecode.swift; path = RobotTests.swift; sourceTree = "<group>"; };
		655E112523EBFFCE00E5E0E8 /* Info.plist */ = {isa = PBXFileReference; lastKnownFileType = text.plist.xml; path = Info.plist; sourceTree = "<group>"; };
		655E112D23EC005D00E5E0E8 /* BaseTest.swift */ = {isa = PBXFileReference; fileEncoding = 4; lastKnownFileType = sourcecode.swift; path = BaseTest.swift; sourceTree = "<group>"; };
/* End PBXFileReference section */

/* Begin PBXFrameworksBuildPhase section */
		654D05AE23E431DF0072904F /* Frameworks */ = {
			isa = PBXFrameworksBuildPhase;
			buildActionMask = 2147483647;
			files = (
			);
			runOnlyForDeploymentPostprocessing = 0;
		};
		655E111E23EBFFCE00E5E0E8 /* Frameworks */ = {
			isa = PBXFrameworksBuildPhase;
			buildActionMask = 2147483647;
			files = (
				655E113A23EC32FC00E5E0E8 /* SwiftMocks in Frameworks */,
				655E112C23EBFFD600E5E0E8 /* Nimble in Frameworks */,
			);
			runOnlyForDeploymentPostprocessing = 0;
		};
/* End PBXFrameworksBuildPhase section */

/* Begin PBXGroup section */
		654D05A823E431DF0072904F = {
			isa = PBXGroup;
			children = (
				654D05B323E431DF0072904F /* Source */,
				655E112223EBFFCE00E5E0E8 /* RobotTests */,
				654D05B223E431DF0072904F /* Products */,
				654D05DF23E434030072904F /* Frameworks */,
			);
			sourceTree = "<group>";
		};
		654D05B223E431DF0072904F /* Products */ = {
			isa = PBXGroup;
			children = (
				654D05B123E431DF0072904F /* Robot.app */,
				655E112123EBFFCE00E5E0E8 /* RobotTests.xctest */,
			);
			name = Products;
			sourceTree = "<group>";
		};
		654D05B323E431DF0072904F /* Source */ = {
			isa = PBXGroup;
			children = (
				65C8F1B624AC5E9900627AC0 /* Stuff */,
				654D060923E4D20E0072904F /* Robot.swift */,
			);
			path = Source;
			sourceTree = "<group>";
		};
		654D05BC23E431E00072904F /* Preview Content */ = {
			isa = PBXGroup;
			children = (
				654D05BD23E431E00072904F /* Preview Assets.xcassets */,
			);
			path = "Preview Content";
			sourceTree = "<group>";
		};
		654D05DF23E434030072904F /* Frameworks */ = {
			isa = PBXGroup;
			children = (
				654D060623E4D0050072904F /* SwiftMocks */,
			);
			name = Frameworks;
			sourceTree = "<group>";
		};
		655E112223EBFFCE00E5E0E8 /* RobotTests */ = {
			isa = PBXGroup;
			children = (
				65C8F1B724AC5EFF00627AC0 /* Stuff */,
				655E112323EBFFCE00E5E0E8 /* RobotTests.swift */,
			);
			path = RobotTests;
			sourceTree = "<group>";
		};
		65C8F1B624AC5E9900627AC0 /* Stuff */ = {
			isa = PBXGroup;
			children = (
				654D05BC23E431E00072904F /* Preview Content */,
				654D05BA23E431E00072904F /* Assets.xcassets */,
				654D05BF23E431E00072904F /* LaunchScreen.storyboard */,
				654D05C223E431E00072904F /* Info.plist */,
				654D05B423E431DF0072904F /* AppDelegate.swift */,
				654D05B623E431DF0072904F /* SceneDelegate.swift */,
				654D05B823E431DF0072904F /* ContentView.swift */,
			);
			path = Stuff;
			sourceTree = "<group>";
		};
		65C8F1B724AC5EFF00627AC0 /* Stuff */ = {
			isa = PBXGroup;
			children = (
				655E112D23EC005D00E5E0E8 /* BaseTest.swift */,
				655E112523EBFFCE00E5E0E8 /* Info.plist */,
			);
			path = Stuff;
			sourceTree = "<group>";
		};
/* End PBXGroup section */

/* Begin PBXNativeTarget section */
		654D05B023E431DF0072904F /* Robot */ = {
			isa = PBXNativeTarget;
			buildConfigurationList = 654D05D023E431E10072904F /* Build configuration list for PBXNativeTarget "Robot" */;
			buildPhases = (
				654D05AD23E431DF0072904F /* Sources */,
				654D05AE23E431DF0072904F /* Frameworks */,
				654D05AF23E431DF0072904F /* Resources */,
			);
			buildRules = (
			);
			dependencies = (
			);
			name = Robot;
			productName = Playground;
			productReference = 654D05B123E431DF0072904F /* Robot.app */;
			productType = "com.apple.product-type.application";
		};
		655E112023EBFFCE00E5E0E8 /* RobotTests */ = {
			isa = PBXNativeTarget;
			buildConfigurationList = 655E112823EBFFCE00E5E0E8 /* Build configuration list for PBXNativeTarget "RobotTests" */;
			buildPhases = (
				655E111D23EBFFCE00E5E0E8 /* Sources */,
				655E111E23EBFFCE00E5E0E8 /* Frameworks */,
				655E111F23EBFFCE00E5E0E8 /* Resources */,
			);
			buildRules = (
			);
			dependencies = (
				655E112723EBFFCE00E5E0E8 /* PBXTargetDependency */,
			);
			name = RobotTests;
			packageProductDependencies = (
				655E112B23EBFFD600E5E0E8 /* Nimble */,
				655E113923EC32FC00E5E0E8 /* SwiftMocks */,
			);
			productName = RobotTests;
			productReference = 655E112123EBFFCE00E5E0E8 /* RobotTests.xctest */;
			productType = "com.apple.product-type.bundle.unit-test";
		};
/* End PBXNativeTarget section */

/* Begin PBXProject section */
		654D05A923E431DF0072904F /* Project object */ = {
			isa = PBXProject;
			attributes = {
				LastSwiftUpdateCheck = 1130;
				LastUpgradeCheck = 1120;
				ORGANIZATIONNAME = "Swift Mocks";
				TargetAttributes = {
					654D05B023E431DF0072904F = {
						CreatedOnToolsVersion = 11.2.1;
					};
					655E112023EBFFCE00E5E0E8 = {
						CreatedOnToolsVersion = 11.3.1;
						TestTargetID = 654D05B023E431DF0072904F;
					};
				};
			};
			buildConfigurationList = 654D05AC23E431DF0072904F /* Build configuration list for PBXProject "Robot" */;
			compatibilityVersion = "Xcode 9.3";
			developmentRegion = en;
			hasScannedForEncodings = 0;
			knownRegions = (
				en,
				Base,
			);
			mainGroup = 654D05A823E431DF0072904F;
			packageReferences = (
				655E111A23EBFF7600E5E0E8 /* XCRemoteSwiftPackageReference "Nimble" */,
			);
			productRefGroup = 654D05B223E431DF0072904F /* Products */;
			projectDirPath = "";
			projectRoot = "";
			targets = (
				654D05B023E431DF0072904F /* Robot */,
				655E112023EBFFCE00E5E0E8 /* RobotTests */,
			);
		};
/* End PBXProject section */

/* Begin PBXResourcesBuildPhase section */
		654D05AF23E431DF0072904F /* Resources */ = {
			isa = PBXResourcesBuildPhase;
			buildActionMask = 2147483647;
			files = (
				654D05C123E431E00072904F /* LaunchScreen.storyboard in Resources */,
				654D05BE23E431E00072904F /* Preview Assets.xcassets in Resources */,
				654D05BB23E431E00072904F /* Assets.xcassets in Resources */,
			);
			runOnlyForDeploymentPostprocessing = 0;
		};
		655E111F23EBFFCE00E5E0E8 /* Resources */ = {
			isa = PBXResourcesBuildPhase;
			buildActionMask = 2147483647;
			files = (
			);
			runOnlyForDeploymentPostprocessing = 0;
		};
/* End PBXResourcesBuildPhase section */

/* Begin PBXSourcesBuildPhase section */
		654D05AD23E431DF0072904F /* Sources */ = {
			isa = PBXSourcesBuildPhase;
			buildActionMask = 2147483647;
			files = (
				654D060A23E4D20E0072904F /* Robot.swift in Sources */,
				654D05B523E431DF0072904F /* AppDelegate.swift in Sources */,
				654D05B723E431DF0072904F /* SceneDelegate.swift in Sources */,
				654D05B923E431DF0072904F /* ContentView.swift in Sources */,
			);
			runOnlyForDeploymentPostprocessing = 0;
		};
		655E111D23EBFFCE00E5E0E8 /* Sources */ = {
			isa = PBXSourcesBuildPhase;
			buildActionMask = 2147483647;
			files = (
				655E112E23EC005E00E5E0E8 /* BaseTest.swift in Sources */,
				655E112423EBFFCE00E5E0E8 /* RobotTests.swift in Sources */,
			);
			runOnlyForDeploymentPostprocessing = 0;
		};
/* End PBXSourcesBuildPhase section */

/* Begin PBXTargetDependency section */
		655E112723EBFFCE00E5E0E8 /* PBXTargetDependency */ = {
			isa = PBXTargetDependency;
			target = 654D05B023E431DF0072904F /* Robot */;
			targetProxy = 655E112623EBFFCE00E5E0E8 /* PBXContainerItemProxy */;
		};
/* End PBXTargetDependency section */

/* Begin PBXVariantGroup section */
		654D05BF23E431E00072904F /* LaunchScreen.storyboard */ = {
			isa = PBXVariantGroup;
			children = (
				654D05C023E431E00072904F /* Base */,
			);
			name = LaunchScreen.storyboard;
			sourceTree = "<group>";
		};
/* End PBXVariantGroup section */

/* Begin XCBuildConfiguration section */
		654D05CE23E431E10072904F /* Debug */ = {
			isa = XCBuildConfiguration;
			buildSettings = {
				ALWAYS_SEARCH_USER_PATHS = NO;
				CLANG_ANALYZER_NONNULL = YES;
				CLANG_ANALYZER_NUMBER_OBJECT_CONVERSION = YES_AGGRESSIVE;
				CLANG_CXX_LANGUAGE_STANDARD = "gnu++14";
				CLANG_CXX_LIBRARY = "libc++";
				CLANG_ENABLE_MODULES = YES;
				CLANG_ENABLE_OBJC_ARC = YES;
				CLANG_ENABLE_OBJC_WEAK = YES;
				CLANG_WARN_BLOCK_CAPTURE_AUTORELEASING = YES;
				CLANG_WARN_BOOL_CONVERSION = YES;
				CLANG_WARN_COMMA = YES;
				CLANG_WARN_CONSTANT_CONVERSION = YES;
				CLANG_WARN_DEPRECATED_OBJC_IMPLEMENTATIONS = YES;
				CLANG_WARN_DIRECT_OBJC_ISA_USAGE = YES_ERROR;
				CLANG_WARN_DOCUMENTATION_COMMENTS = YES;
				CLANG_WARN_EMPTY_BODY = YES;
				CLANG_WARN_ENUM_CONVERSION = YES;
				CLANG_WARN_INFINITE_RECURSION = YES;
				CLANG_WARN_INT_CONVERSION = YES;
				CLANG_WARN_NON_LITERAL_NULL_CONVERSION = YES;
				CLANG_WARN_OBJC_IMPLICIT_RETAIN_SELF = YES;
				CLANG_WARN_OBJC_LITERAL_CONVERSION = YES;
				CLANG_WARN_OBJC_ROOT_CLASS = YES_ERROR;
				CLANG_WARN_RANGE_LOOP_ANALYSIS = YES;
				CLANG_WARN_STRICT_PROTOTYPES = YES;
				CLANG_WARN_SUSPICIOUS_MOVE = YES;
				CLANG_WARN_UNGUARDED_AVAILABILITY = YES_AGGRESSIVE;
				CLANG_WARN_UNREACHABLE_CODE = YES;
				CLANG_WARN__DUPLICATE_METHOD_MATCH = YES;
				COPY_PHASE_STRIP = NO;
				DEBUG_INFORMATION_FORMAT = dwarf;
				ENABLE_STRICT_OBJC_MSGSEND = YES;
				ENABLE_TESTABILITY = YES;
				GCC_C_LANGUAGE_STANDARD = gnu11;
				GCC_DYNAMIC_NO_PIC = NO;
				GCC_NO_COMMON_BLOCKS = YES;
				GCC_OPTIMIZATION_LEVEL = 0;
				GCC_PREPROCESSOR_DEFINITIONS = (
					"DEBUG=1",
					"$(inherited)",
				);
				GCC_WARN_64_TO_32_BIT_CONVERSION = YES;
				GCC_WARN_ABOUT_RETURN_TYPE = YES_ERROR;
				GCC_WARN_UNDECLARED_SELECTOR = YES;
				GCC_WARN_UNINITIALIZED_AUTOS = YES_AGGRESSIVE;
				GCC_WARN_UNUSED_FUNCTION = YES;
				GCC_WARN_UNUSED_VARIABLE = YES;
				IPHONEOS_DEPLOYMENT_TARGET = 13.2;
				MTL_ENABLE_DEBUG_INFO = INCLUDE_SOURCE;
				MTL_FAST_MATH = YES;
				ONLY_ACTIVE_ARCH = YES;
				SDKROOT = iphoneos;
				SWIFT_ACTIVE_COMPILATION_CONDITIONS = DEBUG;
				SWIFT_OPTIMIZATION_LEVEL = "-Onone";
			};
			name = Debug;
		};
		654D05CF23E431E10072904F /* Release */ = {
			isa = XCBuildConfiguration;
			buildSettings = {
				ALWAYS_SEARCH_USER_PATHS = NO;
				CLANG_ANALYZER_NONNULL = YES;
				CLANG_ANALYZER_NUMBER_OBJECT_CONVERSION = YES_AGGRESSIVE;
				CLANG_CXX_LANGUAGE_STANDARD = "gnu++14";
				CLANG_CXX_LIBRARY = "libc++";
				CLANG_ENABLE_MODULES = YES;
				CLANG_ENABLE_OBJC_ARC = YES;
				CLANG_ENABLE_OBJC_WEAK = YES;
				CLANG_WARN_BLOCK_CAPTURE_AUTORELEASING = YES;
				CLANG_WARN_BOOL_CONVERSION = YES;
				CLANG_WARN_COMMA = YES;
				CLANG_WARN_CONSTANT_CONVERSION = YES;
				CLANG_WARN_DEPRECATED_OBJC_IMPLEMENTATIONS = YES;
				CLANG_WARN_DIRECT_OBJC_ISA_USAGE = YES_ERROR;
				CLANG_WARN_DOCUMENTATION_COMMENTS = YES;
				CLANG_WARN_EMPTY_BODY = YES;
				CLANG_WARN_ENUM_CONVERSION = YES;
				CLANG_WARN_INFINITE_RECURSION = YES;
				CLANG_WARN_INT_CONVERSION = YES;
				CLANG_WARN_NON_LITERAL_NULL_CONVERSION = YES;
				CLANG_WARN_OBJC_IMPLICIT_RETAIN_SELF = YES;
				CLANG_WARN_OBJC_LITERAL_CONVERSION = YES;
				CLANG_WARN_OBJC_ROOT_CLASS = YES_ERROR;
				CLANG_WARN_RANGE_LOOP_ANALYSIS = YES;
				CLANG_WARN_STRICT_PROTOTYPES = YES;
				CLANG_WARN_SUSPICIOUS_MOVE = YES;
				CLANG_WARN_UNGUARDED_AVAILABILITY = YES_AGGRESSIVE;
				CLANG_WARN_UNREACHABLE_CODE = YES;
				CLANG_WARN__DUPLICATE_METHOD_MATCH = YES;
				COPY_PHASE_STRIP = NO;
				DEBUG_INFORMATION_FORMAT = "dwarf-with-dsym";
				ENABLE_NS_ASSERTIONS = NO;
				ENABLE_STRICT_OBJC_MSGSEND = YES;
				GCC_C_LANGUAGE_STANDARD = gnu11;
				GCC_NO_COMMON_BLOCKS = YES;
				GCC_WARN_64_TO_32_BIT_CONVERSION = YES;
				GCC_WARN_ABOUT_RETURN_TYPE = YES_ERROR;
				GCC_WARN_UNDECLARED_SELECTOR = YES;
				GCC_WARN_UNINITIALIZED_AUTOS = YES_AGGRESSIVE;
				GCC_WARN_UNUSED_FUNCTION = YES;
				GCC_WARN_UNUSED_VARIABLE = YES;
				IPHONEOS_DEPLOYMENT_TARGET = 13.2;
				MTL_ENABLE_DEBUG_INFO = NO;
				MTL_FAST_MATH = YES;
				SDKROOT = iphoneos;
				SWIFT_COMPILATION_MODE = wholemodule;
				SWIFT_OPTIMIZATION_LEVEL = "-O";
				VALIDATE_PRODUCT = YES;
			};
			name = Release;
		};
		654D05D123E431E10072904F /* Debug */ = {
			isa = XCBuildConfiguration;
			buildSettings = {
				ASSETCATALOG_COMPILER_APPICON_NAME = AppIcon;
				CODE_SIGN_STYLE = Automatic;
				DEVELOPMENT_ASSET_PATHS = "\"Source/Stuff/Preview Content\"";
				ENABLE_PREVIEWS = YES;
				INFOPLIST_FILE = Source/Stuff/Info.plist;
				LD_RUNPATH_SEARCH_PATHS = (
					"$(inherited)",
					"@executable_path/Frameworks",
				);
				OTHER_SWIFT_FLAGS = "-Xfrontend -enable-implicit-dynamic";
				PRODUCT_BUNDLE_IDENTIFIER = org.swiftmocks.robot;
				PRODUCT_NAME = "$(TARGET_NAME)";
				SWIFT_VERSION = 5.0;
				TARGETED_DEVICE_FAMILY = "1,2";
			};
			name = Debug;
		};
		654D05D223E431E10072904F /* Release */ = {
			isa = XCBuildConfiguration;
			buildSettings = {
				ASSETCATALOG_COMPILER_APPICON_NAME = AppIcon;
				CODE_SIGN_STYLE = Automatic;
				DEVELOPMENT_ASSET_PATHS = "\"Source/Stuff/Preview Content\"";
				ENABLE_PREVIEWS = YES;
				INFOPLIST_FILE = Source/Stuff/Info.plist;
				LD_RUNPATH_SEARCH_PATHS = (
					"$(inherited)",
					"@executable_path/Frameworks",
				);
				PRODUCT_BUNDLE_IDENTIFIER = org.swiftmocks.robot;
				PRODUCT_NAME = "$(TARGET_NAME)";
				SWIFT_VERSION = 5.0;
				TARGETED_DEVICE_FAMILY = "1,2";
			};
			name = Release;
		};
		655E112923EBFFCE00E5E0E8 /* Debug */ = {
			isa = XCBuildConfiguration;
			buildSettings = {
				BUNDLE_LOADER = "$(TEST_HOST)";
				CODE_SIGN_STYLE = Automatic;
				INFOPLIST_FILE = RobotTests/Stuff/Info.plist;
				LD_RUNPATH_SEARCH_PATHS = (
					"$(inherited)",
					"@executable_path/Frameworks",
					"@loader_path/Frameworks",
				);
				PRODUCT_BUNDLE_IDENTIFIER = org.swiftmocks.robot.RobotTests;
				PRODUCT_NAME = "$(TARGET_NAME)";
				SWIFT_VERSION = 5.0;
				TARGETED_DEVICE_FAMILY = "1,2";
				TEST_HOST = "$(BUILT_PRODUCTS_DIR)/Robot.app/Robot";
			};
			name = Debug;
		};
		655E112A23EBFFCE00E5E0E8 /* Release */ = {
			isa = XCBuildConfiguration;
			buildSettings = {
				BUNDLE_LOADER = "$(TEST_HOST)";
				CODE_SIGN_STYLE = Automatic;
				INFOPLIST_FILE = RobotTests/Stuff/Info.plist;
				LD_RUNPATH_SEARCH_PATHS = (
					"$(inherited)",
					"@executable_path/Frameworks",
					"@loader_path/Frameworks",
				);
				PRODUCT_BUNDLE_IDENTIFIER = org.swiftmocks.robot.RobotTests;
				PRODUCT_NAME = "$(TARGET_NAME)";
				SWIFT_VERSION = 5.0;
				TARGETED_DEVICE_FAMILY = "1,2";
				TEST_HOST = "$(BUILT_PRODUCTS_DIR)/Robot.app/Robot";
			};
			name = Release;
		};
/* End XCBuildConfiguration section */

/* Begin XCConfigurationList section */
		654D05AC23E431DF0072904F /* Build configuration list for PBXProject "Robot" */ = {
			isa = XCConfigurationList;
			buildConfigurations = (
				654D05CE23E431E10072904F /* Debug */,
				654D05CF23E431E10072904F /* Release */,
			);
			defaultConfigurationIsVisible = 0;
			defaultConfigurationName = Release;
		};
		654D05D023E431E10072904F /* Build configuration list for PBXNativeTarget "Robot" */ = {
			isa = XCConfigurationList;
			buildConfigurations = (
				654D05D123E431E10072904F /* Debug */,
				654D05D223E431E10072904F /* Release */,
			);
			defaultConfigurationIsVisible = 0;
			defaultConfigurationName = Release;
		};
		655E112823EBFFCE00E5E0E8 /* Build configuration list for PBXNativeTarget "RobotTests" */ = {
			isa = XCConfigurationList;
			buildConfigurations = (
				655E112923EBFFCE00E5E0E8 /* Debug */,
				655E112A23EBFFCE00E5E0E8 /* Release */,
			);
			defaultConfigurationIsVisible = 0;
			defaultConfigurationName = Release;
		};
/* End XCConfigurationList section */

/* Begin XCRemoteSwiftPackageReference section */
		655E111A23EBFF7600E5E0E8 /* XCRemoteSwiftPackageReference "Nimble" */ = {
			isa = XCRemoteSwiftPackageReference;
			repositoryURL = "https://github.com/Quick/Nimble.git";
			requirement = {
				kind = exactVersion;
				version = 8.0.2;
			};
		};
/* End XCRemoteSwiftPackageReference section */

/* Begin XCSwiftPackageProductDependency section */
		655E112B23EBFFD600E5E0E8 /* Nimble */ = {
			isa = XCSwiftPackageProductDependency;
			package = 655E111A23EBFF7600E5E0E8 /* XCRemoteSwiftPackageReference "Nimble" */;
			productName = Nimble;
		};
		655E113923EC32FC00E5E0E8 /* SwiftMocks */ = {
			isa = XCSwiftPackageProductDependency;
			productName = SwiftMocks;
		};
/* End XCSwiftPackageProductDependency section */
	};
	rootObject = 654D05A923E431DF0072904F /* Project object */;
}
